
Microsoft Visual Studio Solution File, Format Version 12.00
# Visual Studio 14
VisualStudioVersion = 14.0.25420.1
MinimumVisualStudioVersion = 10.0.40219.1
Project("{8BC9CEB8-8B4A-11D0-8D11-00A0C91BC942}") = "SolveMeFirst", "SolveMeFirst\SolveMeFirst.vcxproj", "{18EE98C8-06DD-49FE-99EB-99F62DBD04C3}"
EndProject
Project("{8BC9CEB8-8B4A-11D0-8D11-00A0C91BC942}") = "SimpleArraySum", "SimpleArraySum\SimpleArraySum.vcxproj", "{DFED9904-F7E8-4F83-9481-BF4BBC8479A1}"
EndProject
Project("{8BC9CEB8-8B4A-11D0-8D11-00A0C91BC942}") = "CompareTheTriplets", "CompareTheTriplets\CompareTheTriplets.vcxproj", "{8E5B0922-C1A3-427D-8782-1317B42BD4F2}"
EndProject
Project("{8BC9CEB8-8B4A-11D0-8D11-00A0C91BC942}") = "AVeryBigSum", "AVeryBigSum\AVeryBigSum.vcxproj", "{A97F9041-398B-4CE7-A281-27E754D8CBF3}"
EndProject
Project("{8BC9CEB8-8B4A-11D0-8D11-00A0C91BC942}") = "DiagonalDifference", "DiagonalDifference\DiagonalDifference.vcxproj", "{A0AD08B4-C619-420B-A946-8797F1CA7F37}"
EndProject
Project("{8BC9CEB8-8B4A-11D0-8D11-00A0C91BC942}") = "PlusMinus", "PlusMinus\PlusMinus.vcxproj", "{510DE8BC-923D-48E4-AA73-A70DAB47E713}"
EndProject
Project("{8BC9CEB8-8B4A-11D0-8D11-00A0C91BC942}") = "Staircase", "Staircase\Staircase.vcxproj", "{D6009DF1-0095-4344-80C4-98A42E567E30}"
EndProject
Project("{8BC9CEB8-8B4A-11D0-8D11-00A0C91BC942}") = "TimeConversion", "TimeConversion\TimeConversion.vcxproj", "{F08A7E02-5C0A-4711-8C55-32AA57E00842}"
EndProject
Global
	GlobalSection(SolutionConfigurationPlatforms) = preSolution
		Debug|x64 = Debug|x64
		Debug|x86 = Debug|x86
		Release|x64 = Release|x64
		Release|x86 = Release|x86
	EndGlobalSection
	GlobalSection(ProjectConfigurationPlatforms) = postSolution
		{18EE98C8-06DD-49FE-99EB-99F62DBD04C3}.Debug|x64.ActiveCfg = Debug|x64
		{18EE98C8-06DD-49FE-99EB-99F62DBD04C3}.Debug|x64.Build.0 = Debug|x64
		{18EE98C8-06DD-49FE-99EB-99F62DBD04C3}.Debug|x86.ActiveCfg = Debug|Win32
		{18EE98C8-06DD-49FE-99EB-99F62DBD04C3}.Debug|x86.Build.0 = Debug|Win32
		{18EE98C8-06DD-49FE-99EB-99F62DBD04C3}.Release|x64.ActiveCfg = Release|x64
		{18EE98C8-06DD-49FE-99EB-99F62DBD04C3}.Release|x64.Build.0 = Release|x64
		{18EE98C8-06DD-49FE-99EB-99F62DBD04C3}.Release|x86.ActiveCfg = Release|Win32
		{18EE98C8-06DD-49FE-99EB-99F62DBD04C3}.Release|x86.Build.0 = Release|Win32
		{DFED9904-F7E8-4F83-9481-BF4BBC8479A1}.Debug|x64.ActiveCfg = Debug|x64
		{DFED9904-F7E8-4F83-9481-BF4BBC8479A1}.Debug|x64.Build.0 = Debug|x64
		{DFED9904-F7E8-4F83-9481-BF4BBC8479A1}.Debug|x86.ActiveCfg = Debug|Win32
		{DFED9904-F7E8-4F83-9481-BF4BBC8479A1}.Debug|x86.Build.0 = Debug|Win32
		{DFED9904-F7E8-4F83-9481-BF4BBC8479A1}.Release|x64.ActiveCfg = Release|x64
		{DFED9904-F7E8-4F83-9481-BF4BBC8479A1}.Release|x64.Build.0 = Release|x64
		{DFED9904-F7E8-4F83-9481-BF4BBC8479A1}.Release|x86.ActiveCfg = Release|Win32
		{DFED9904-F7E8-4F83-9481-BF4BBC8479A1}.Release|x86.Build.0 = Release|Win32
		{8E5B0922-C1A3-427D-8782-1317B42BD4F2}.Debug|x64.ActiveCfg = Debug|x64
		{8E5B0922-C1A3-427D-8782-1317B42BD4F2}.Debug|x64.Build.0 = Debug|x64
		{8E5B0922-C1A3-427D-8782-1317B42BD4F2}.Debug|x86.ActiveCfg = Debug|Win32
		{8E5B0922-C1A3-427D-8782-1317B42BD4F2}.Debug|x86.Build.0 = Debug|Win32
		{8E5B0922-C1A3-427D-8782-1317B42BD4F2}.Release|x64.ActiveCfg = Release|x64
		{8E5B0922-C1A3-427D-8782-1317B42BD4F2}.Release|x64.Build.0 = Release|x64
		{8E5B0922-C1A3-427D-8782-1317B42BD4F2}.Release|x86.ActiveCfg = Release|Win32
		{8E5B0922-C1A3-427D-8782-1317B42BD4F2}.Release|x86.Build.0 = Release|Win32
		{A97F9041-398B-4CE7-A281-27E754D8CBF3}.Debug|x64.ActiveCfg = Debug|x64
		{A97F9041-398B-4CE7-A281-27E754D8CBF3}.Debug|x64.Build.0 = Debug|x64
		{A97F9041-398B-4CE7-A281-27E754D8CBF3}.Debug|x86.ActiveCfg = Debug|Win32
		{A97F9041-398B-4CE7-A281-27E754D8CBF3}.Debug|x86.Build.0 = Debug|Win32
		{A97F9041-398B-4CE7-A281-27E754D8CBF3}.Release|x64.ActiveCfg = Release|x64
		{A97F9041-398B-4CE7-A281-27E754D8CBF3}.Release|x64.Build.0 = Release|x64
		{A97F9041-398B-4CE7-A281-27E754D8CBF3}.Release|x86.ActiveCfg = Release|Win32
		{A97F9041-398B-4CE7-A281-27E754D8CBF3}.Release|x86.Build.0 = Release|Win32
		{A0AD08B4-C619-420B-A946-8797F1CA7F37}.Debug|x64.ActiveCfg = Debug|x64
		{A0AD08B4-C619-420B-A946-8797F1CA7F37}.Debug|x64.Build.0 = Debug|x64
		{A0AD08B4-C619-420B-A946-8797F1CA7F37}.Debug|x86.ActiveCfg = Debug|Win32
		{A0AD08B4-C619-420B-A946-8797F1CA7F37}.Debug|x86.Build.0 = Debug|Win32
		{A0AD08B4-C619-420B-A946-8797F1CA7F37}.Release|x64.ActiveCfg = Release|x64
		{A0AD08B4-C619-420B-A946-8797F1CA7F37}.Release|x64.Build.0 = Release|x64
		{A0AD08B4-C619-420B-A946-8797F1CA7F37}.Release|x86.ActiveCfg = Release|Win32
		{A0AD08B4-C619-420B-A946-8797F1CA7F37}.Release|x86.Build.0 = Release|Win32
		{510DE8BC-923D-48E4-AA73-A70DAB47E713}.Debug|x64.ActiveCfg = Debug|x64
		{510DE8BC-923D-48E4-AA73-A70DAB47E713}.Debug|x64.Build.0 = Debug|x64
		{510DE8BC-923D-48E4-AA73-A70DAB47E713}.Debug|x86.ActiveCfg = Debug|Win32
		{510DE8BC-923D-48E4-AA73-A70DAB47E713}.Debug|x86.Build.0 = Debug|Win32
		{510DE8BC-923D-48E4-AA73-A70DAB47E713}.Release|x64.ActiveCfg = Release|x64
		{510DE8BC-923D-48E4-AA73-A70DAB47E713}.Release|x64.Build.0 = Release|x64
		{510DE8BC-923D-48E4-AA73-A70DAB47E713}.Release|x86.ActiveCfg = Release|Win32
		{510DE8BC-923D-48E4-AA73-A70DAB47E713}.Release|x86.Build.0 = Release|Win32
		{D6009DF1-0095-4344-80C4-98A42E567E30}.Debug|x64.ActiveCfg = Debug|x64
		{D6009DF1-0095-4344-80C4-98A42E567E30}.Debug|x64.Build.0 = Debug|x64
		{D6009DF1-0095-4344-80C4-98A42E567E30}.Debug|x86.ActiveCfg = Debug|Win32
		{D6009DF1-0095-4344-80C4-98A42E567E30}.Debug|x86.Build.0 = Debug|Win32
		{D6009DF1-0095-4344-80C4-98A42E567E30}.Release|x64.ActiveCfg = Release|x64
		{D6009DF1-0095-4344-80C4-98A42E567E30}.Release|x64.Build.0 = Release|x64
		{D6009DF1-0095-4344-80C4-98A42E567E30}.Release|x86.ActiveCfg = Release|Win32
		{D6009DF1-0095-4344-80C4-98A42E567E30}.Release|x86.Build.0 = Release|Win32
		{F08A7E02-5C0A-4711-8C55-32AA57E00842}.Debug|x64.ActiveCfg = Debug|x64
		{F08A7E02-5C0A-4711-8C55-32AA57E00842}.Debug|x64.Build.0 = Debug|x64
		{F08A7E02-5C0A-4711-8C55-32AA57E00842}.Debug|x86.ActiveCfg = Debug|Win32
		{F08A7E02-5C0A-4711-8C55-32AA57E00842}.Debug|x86.Build.0 = Debug|Win32
		{F08A7E02-5C0A-4711-8C55-32AA57E00842}.Release|x64.ActiveCfg = Release|x64
		{F08A7E02-5C0A-4711-8C55-32AA57E00842}.Release|x64.Build.0 = Release|x64
		{F08A7E02-5C0A-4711-8C55-32AA57E00842}.Release|x86.ActiveCfg = Release|Win32
		{F08A7E02-5C0A-4711-8C55-32AA57E00842}.Release|x86.Build.0 = Release|Win32
	EndGlobalSection
	GlobalSection(SolutionProperties) = preSolution
		HideSolutionNode = FALSE
	EndGlobalSection
EndGlobal
